// !$*UTF8*$!
{
	archiveVersion = 1;
	classes = {
	};
	objectVersion = 46;
	objects = {
		0552FCCFF6017AA5E82DF513 = {
			isa = PBXBuildFile;
			fileRef = 1F2A5BB9176249C10B0034A7;
		};
		060C288069E94B114BA2612B = {
			isa = PBXBuildFile;
			fileRef = 0857C123E398578052E95664;
		};
		8C2A0075862A7A78718C6397 = {
			isa = PBXBuildFile;
			fileRef = C72BA7CEC5292FB702B36CEA;
		};
		9D0696BAE46A957E74122FCF = {
			isa = PBXBuildFile;
			fileRef = C2F92FB572FF0790F94C06BA;
		};
		6B28BB09D8CA9DB96402C9DA = {
			isa = PBXBuildFile;
			fileRef = 23F4DF4FA9237096738C1BE1;
		};
		F2197F62FA4AFCD8DDFCEADD = {
			isa = PBXBuildFile;
			fileRef = 6AD3642CCB48DA96AF1398D9;
		};
		4C3B80DEEA31F5CC30C5F749 = {
			isa = PBXBuildFile;
			fileRef = B0239D5385616D3B5A64E88B;
		};
		1910CDBCEA5FCFFDE2B90BDF = {
			isa = PBXBuildFile;
			fileRef = 453001FE3571D9564D3ADD12;
		};
		BC9A53D561FD8E37E6082616 = {
			isa = PBXBuildFile;
			fileRef = AC9ADFD7B9E099A3184E9792;
		};
		52A2DB72777CAEA4AFAF2773 = {
			isa = PBXBuildFile;
			fileRef = 0D1CAD3D43902623867CC326;
		};
		EFC476F10EF27B5299DA0C54 = {
			isa = PBXBuildFile;
			fileRef = 861D2B06448341553F26C66B;
		};
		983176AADCFD8C22FA3DD7BD = {
			isa = PBXBuildFile;
			fileRef = C9F83BEBB2C7968F8092DEB4;
		};
		8B760DA600312F537D0AC01B = {
			isa = PBXBuildFile;
			fileRef = 869C0E0AC2B23E430CDC5327;
		};
		0CBF8BE0DC3199A4B13F9AE1 = {
			isa = PBXBuildFile;
			fileRef = 9013A259931F954DE92831EB;
		};
		D8D5646CA53E59CAB1BD6F8E = {
			isa = PBXBuildFile;
			fileRef = CE72E66BE5CD29DB7A99F898;
		};
		58239B373B3911C1CF87E9F4 = {
			isa = PBXBuildFile;
			fileRef = A4C9203C18959D7B91273EA3;
		};
		8E29750C4F92EFC77E0A8A24 = {
			isa = PBXBuildFile;
			fileRef = B9454E1A43F8E6F67900D8BA;
		};
		58F3FC9096067AD56F67465D = {
			isa = PBXBuildFile;
			fileRef = 4F5487A5F99D2F94F08EB2C4;
		};
		F84C11918338F30B59D06B71 = {
			isa = PBXBuildFile;
			fileRef = 90F1CF4C568BBE0116B3E15B;
		};
		A242693E0B9F6E69DD2F0831 = {
			isa = PBXBuildFile;
			fileRef = 1D23D35A4330A276FA5DB93C;
		};
		5728C65596FBB5DF0B660C47 = {
			isa = PBXBuildFile;
			fileRef = 606BEB64F58DC633C8C5414F;
		};
		0B3CA7235BE0211639D6CF54 = {
			isa = PBXBuildFile;
			fileRef = 5107D11495941BCBE342E1A9;
		};
		4F0002255B1BA808E5DFCF64 = {
			isa = PBXBuildFile;
			fileRef = F9003ABC8C4295B44DB6B2DE;
		};
		392A842312C46AC2C5ACEB1A = {
			isa = PBXBuildFile;
			fileRef = 11EACA2C904EC28ADA41BC79;
		};
		7DD838358FAF9BF64DBD499A = {
			isa = PBXBuildFile;
			fileRef = 739352A8D4465606918CF425;
		};
		449EDBA4DF29BC5D7FEDFDA9 = {
			isa = PBXBuildFile;
			fileRef = 48A8581F2CA8D0F54F850C1F;
		};
		F1F884324F551C672ABA3C81 = {
			isa = PBXBuildFile;
			fileRef = 23EED3E684D91B935062D1DF;
		};
		5CAAB7572ACFBB229528A7DD = {
			isa = PBXBuildFile;
			fileRef = 28E703536910397A39B5B941;
		};
		1C69675F2975B637991BDA3B = {
			isa = PBXBuildFile;
			fileRef = 77ECC0B3C42193081B3EF1EB;
		};
		BF4D54650C6A7883499D795D = {
			isa = PBXBuildFile;
			fileRef = 0B27CBE2FA49938F497B7E5F;
		};
		4D0E0129C78578A55BD2A44C = {
			isa = PBXBuildFile;
			fileRef = CE8F9345D64BEB77FB338647;
		};
		4C0C0CD5D167096E99EDAFFF = {
			isa = PBXBuildFile;
			fileRef = 8BBC10FA26CC45A522693984;
		};
		6EC8E9D28EA7D1E6A11BC568 = {
			isa = PBXBuildFile;
			fileRef = 9A7F2A94E8103C9AB0C42C3F;
		};
		F24FFDC9902202F261F41BFA = {
			isa = PBXBuildFile;
			fileRef = FEDC1FB49F937E05D8B08602;
		};
		1AB9EE9C80DCA6E4EC936BFB = {
			isa = PBXBuildFile;
			fileRef = 5C22C25AABBA8E12343116BF;
		};
		1F2A5BB9176249C10B0034A7 = {
			isa = PBXFileReference;
			explicitFileType = wrapper.cfbundle;
			includeInIndex = 0;
			path = "A2-Dromgool.vst3";
			sourceTree = "BUILT_PRODUCTS_DIR";
		};
		0857C123E398578052E95664 = {
			isa = PBXFileReference;
			explicitFileType = wrapper.application;
			includeInIndex = 0;
			path = "A2-Dromgool.app";
			sourceTree = "BUILT_PRODUCTS_DIR";
		};
		0B27CBE2FA49938F497B7E5F = {
			isa = PBXFileReference;
			lastKnownFileType = sourcecode.cpp.objcpp;
			name = "include_juce_data_structures.mm";
			path = "../../JuceLibraryCode/include_juce_data_structures.mm";
			sourceTree = "SOURCE_ROOT";
		};
		0C0290987845BC182B2B1045 = {
			isa = PBXFileReference;
			lastKnownFileType = sourcecode.c.h;
			name = AppConfig.h;
			path = ../../JuceLibraryCode/AppConfig.h;
			sourceTree = "SOURCE_ROOT";
		};
		0D1CAD3D43902623867CC326 = {
			isa = PBXFileReference;
			lastKnownFileType = wrapper.framework;
			name = CoreAudioKit.framework;
			path = System/Library/Frameworks/CoreAudioKit.framework;
			sourceTree = SDKROOT;
		};
		11EACA2C904EC28ADA41BC79 = {
			isa = PBXFileReference;
			lastKnownFileType = sourcecode.cpp.cpp;
			name = "include_juce_audio_plugin_client_utils.cpp";
			path = "../../JuceLibraryCode/include_juce_audio_plugin_client_utils.cpp";
			sourceTree = "SOURCE_ROOT";
		};
		18EAA77E180A52C17E161173 = {
			isa = PBXFileReference;
			lastKnownFileType = file;
			name = "juce_audio_basics";
			path = "/Users/barnabydromgool/sdks/JUCE/modules/juce_audio_basics";
			sourceTree = "<absolute>";
		};
		1D23D35A4330A276FA5DB93C = {
			isa = PBXFileReference;
			lastKnownFileType = sourcecode.cpp.objcpp;
			name = "include_juce_audio_basics.mm";
			path = "../../JuceLibraryCode/include_juce_audio_basics.mm";
			sourceTree = "SOURCE_ROOT";
		};
		23EED3E684D91B935062D1DF = {
			isa = PBXFileReference;
			lastKnownFileType = sourcecode.cpp.objcpp;
			name = "include_juce_audio_processors.mm";
			path = "../../JuceLibraryCode/include_juce_audio_processors.mm";
			sourceTree = "SOURCE_ROOT";
		};
		23F4DF4FA9237096738C1BE1 = {
			isa = PBXFileReference;
			lastKnownFileType = wrapper.framework;
			name = AudioToolbox.framework;
			path = System/Library/Frameworks/AudioToolbox.framework;
			sourceTree = SDKROOT;
		};
		28E703536910397A39B5B941 = {
			isa = PBXFileReference;
			lastKnownFileType = sourcecode.cpp.objcpp;
			name = "include_juce_audio_utils.mm";
			path = "../../JuceLibraryCode/include_juce_audio_utils.mm";
			sourceTree = "SOURCE_ROOT";
		};
		37ED5BC366B6821673CC00F4 = {
			isa = PBXFileReference;
			lastKnownFileType = file;
			name = "juce_audio_devices";
			path = "/Users/barnabydromgool/sdks/JUCE/modules/juce_audio_devices";
			sourceTree = "<absolute>";
		};
		3B1F7FF1AC3BDEAECE61E637 = {
			isa = PBXFileReference;
			lastKnownFileType = sourcecode.c.h;
			name = PluginEditor.h;
			path = ../../Source/PluginEditor.h;
			sourceTree = "SOURCE_ROOT";
		};
		3E685355C8A380BDDB18DB7E = {
			isa = PBXFileReference;
			lastKnownFileType = text.plist.xml;
			name = "Info-Standalone_Plugin.plist";
			path = "Info-Standalone_Plugin.plist";
			sourceTree = "SOURCE_ROOT";
		};
		453001FE3571D9564D3ADD12 = {
			isa = PBXFileReference;
			lastKnownFileType = wrapper.framework;
			name = Cocoa.framework;
			path = System/Library/Frameworks/Cocoa.framework;
			sourceTree = SDKROOT;
		};
		48A8581F2CA8D0F54F850C1F = {
			isa = PBXFileReference;
			lastKnownFileType = sourcecode.cpp.cpp;
			name = "include_juce_audio_plugin_client_VST3.cpp";
			path = "../../JuceLibraryCode/include_juce_audio_plugin_client_VST3.cpp";
			sourceTree = "SOURCE_ROOT";
		};
		4C46D9E0FDE20CB80707D0FD = {
			isa = PBXFileReference;
			lastKnownFileType = text.plist.xml;
			name = "A2-Dromgool.entitlements";
			path = "A2-Dromgool.entitlements";
			sourceTree = "SOURCE_ROOT";
		};
		4F5487A5F99D2F94F08EB2C4 = {
			isa = PBXFileReference;
			lastKnownFileType = sourcecode.cpp.cpp;
			name = PluginProcessor.cpp;
			path = ../../Source/PluginProcessor.cpp;
			sourceTree = "SOURCE_ROOT";
		};
		5107D11495941BCBE342E1A9 = {
			isa = PBXFileReference;
			lastKnownFileType = sourcecode.cpp.objcpp;
			name = "include_juce_audio_formats.mm";
			path = "../../JuceLibraryCode/include_juce_audio_formats.mm";
			sourceTree = "SOURCE_ROOT";
		};
		5736972624D4B55F6652D762 = {
			isa = PBXFileReference;
			lastKnownFileType = file;
			name = "juce_opengl";
			path = "/Users/barnabydromgool/sdks/JUCE/modules/juce_opengl";
			sourceTree = "<absolute>";
		};
		5BD4604619436B23D287D8EB = {
			isa = PBXFileReference;
			lastKnownFileType = file;
			name = "juce_audio_plugin_client";
			path = "/Users/barnabydromgool/sdks/JUCE/modules/juce_audio_plugin_client";
			sourceTree = "<absolute>";
		};
		5C22C25AABBA8E12343116BF = {
			isa = PBXFileReference;
			lastKnownFileType = sourcecode.cpp.objcpp;
			name = "include_juce_opengl.mm";
			path = "../../JuceLibraryCode/include_juce_opengl.mm";
			sourceTree = "SOURCE_ROOT";
		};
		606BEB64F58DC633C8C5414F = {
			isa = PBXFileReference;
			lastKnownFileType = sourcecode.cpp.objcpp;
			name = "include_juce_audio_devices.mm";
			path = "../../JuceLibraryCode/include_juce_audio_devices.mm";
			sourceTree = "SOURCE_ROOT";
		};
		69F2B1449EED34879FE83BCF = {
			isa = PBXFileReference;
			lastKnownFileType = file;
			name = "juce_events";
			path = "/Users/barnabydromgool/sdks/JUCE/modules/juce_events";
			sourceTree = "<absolute>";
		};
		6AD3642CCB48DA96AF1398D9 = {
			isa = PBXFileReference;
			lastKnownFileType = wrapper.framework;
			name = AudioUnit.framework;
			path = System/Library/Frameworks/AudioUnit.framework;
			sourceTree = SDKROOT;
		};
		6C91F5B3CAD42DDED21DE565 = {
			isa = PBXFileReference;
			lastKnownFileType = file;
			name = "juce_audio_processors";
			path = "/Users/barnabydromgool/sdks/JUCE/modules/juce_audio_processors";
			sourceTree = "<absolute>";
		};
		739352A8D4465606918CF425 = {
			isa = PBXFileReference;
			lastKnownFileType = sourcecode.cpp.objcpp;
			name = "include_juce_audio_plugin_client_VST_utils.mm";
			path = "../../JuceLibraryCode/include_juce_audio_plugin_client_VST_utils.mm";
			sourceTree = "SOURCE_ROOT";
		};
		77ECC0B3C42193081B3EF1EB = {
			isa = PBXFileReference;
			lastKnownFileType = sourcecode.cpp.objcpp;
			name = "include_juce_core.mm";
			path = "../../JuceLibraryCode/include_juce_core.mm";
			sourceTree = "SOURCE_ROOT";
		};
		861D2B06448341553F26C66B = {
			isa = PBXFileReference;
			lastKnownFileType = wrapper.framework;
			name = CoreMIDI.framework;
			path = System/Library/Frameworks/CoreMIDI.framework;
			sourceTree = SDKROOT;
		};
		869C0E0AC2B23E430CDC5327 = {
			isa = PBXFileReference;
			lastKnownFileType = wrapper.framework;
			name = IOKit.framework;
			path = System/Library/Frameworks/IOKit.framework;
			sourceTree = SDKROOT;
		};
		8BBC10FA26CC45A522693984 = {
			isa = PBXFileReference;
			lastKnownFileType = sourcecode.cpp.objcpp;
			name = "include_juce_graphics.mm";
			path = "../../JuceLibraryCode/include_juce_graphics.mm";
			sourceTree = "SOURCE_ROOT";
		};
		9013A259931F954DE92831EB = {
			isa = PBXFileReference;
			lastKnownFileType = wrapper.framework;
			name = OpenGL.framework;
			path = System/Library/Frameworks/OpenGL.framework;
			sourceTree = SDKROOT;
		};
		90F1CF4C568BBE0116B3E15B = {
			isa = PBXFileReference;
			lastKnownFileType = sourcecode.cpp.cpp;
			name = PluginEditor.cpp;
			path = ../../Source/PluginEditor.cpp;
			sourceTree = "SOURCE_ROOT";
		};
		9194D16D6B05FC1FF32BF718 = {
			isa = PBXFileReference;
			lastKnownFileType = file;
			name = "juce_data_structures";
			path = "/Users/barnabydromgool/sdks/JUCE/modules/juce_data_structures";
			sourceTree = "<absolute>";
		};
		930C05C55FC25A0DC16CCB59 = {
			isa = PBXFileReference;
			lastKnownFileType = sourcecode.c.h;
			name = JuceHeader.h;
			path = ../../JuceLibraryCode/JuceHeader.h;
			sourceTree = "SOURCE_ROOT";
		};
		9A7F2A94E8103C9AB0C42C3F = {
			isa = PBXFileReference;
			lastKnownFileType = sourcecode.cpp.objcpp;
			name = "include_juce_gui_basics.mm";
			path = "../../JuceLibraryCode/include_juce_gui_basics.mm";
			sourceTree = "SOURCE_ROOT";
		};
		A3CFF520319F8DF7F8A9ADEA = {
			isa = PBXFileReference;
			lastKnownFileType = text.plist.xml;
			name = "Info-VST3.plist";
			path = "Info-VST3.plist";
			sourceTree = "SOURCE_ROOT";
		};
		A475C589C2E65D75FF9ACE51 = {
			isa = PBXFileReference;
			lastKnownFileType = file;
			name = "juce_gui_basics";
			path = "/Users/barnabydromgool/sdks/JUCE/modules/juce_gui_basics";
			sourceTree = "<absolute>";
		};
		A4C9203C18959D7B91273EA3 = {
			isa = PBXFileReference;
			lastKnownFileType = wrapper.framework;
			name = WebKit.framework;
			path = System/Library/Frameworks/WebKit.framework;
			sourceTree = SDKROOT;
		};
		A73769FE719120608FE7B026 = {
			isa = PBXFileReference;
			lastKnownFileType = file;
			name = "juce_audio_formats";
			path = "/Users/barnabydromgool/sdks/JUCE/modules/juce_audio_formats";
			sourceTree = "<absolute>";
		};
		AC9ADFD7B9E099A3184E9792 = {
			isa = PBXFileReference;
			lastKnownFileType = wrapper.framework;
			name = CoreAudio.framework;
			path = System/Library/Frameworks/CoreAudio.framework;
			sourceTree = SDKROOT;
		};
		B0239D5385616D3B5A64E88B = {
			isa = PBXFileReference;
			lastKnownFileType = wrapper.framework;
			name = Carbon.framework;
			path = System/Library/Frameworks/Carbon.framework;
			sourceTree = SDKROOT;
		};
		B9454E1A43F8E6F67900D8BA = {
			isa = PBXFileReference;
			lastKnownFileType = file.nib;
			name = RecentFilesMenuTemplate.nib;
			path = RecentFilesMenuTemplate.nib;
			sourceTree = "SOURCE_ROOT";
		};
		BEAE8D2859A1BCD4B70B7E4B = {
			isa = PBXFileReference;
			lastKnownFileType = sourcecode.c.h;
			name = PluginProcessor.h;
			path = ../../Source/PluginProcessor.h;
			sourceTree = "SOURCE_ROOT";
		};
		C2F92FB572FF0790F94C06BA = {
			isa = PBXFileReference;
			lastKnownFileType = wrapper.framework;
			name = Accelerate.framework;
			path = System/Library/Frameworks/Accelerate.framework;
			sourceTree = SDKROOT;
		};
		C56993364B9D2DFCB340BADA = {
			isa = PBXFileReference;
			lastKnownFileType = file;
			name = "juce_core";
			path = "/Users/barnabydromgool/sdks/JUCE/modules/juce_core";
			sourceTree = "<absolute>";
		};
		C72BA7CEC5292FB702B36CEA = {
			isa = PBXFileReference;
			explicitFileType = archive.ar;
			includeInIndex = 0;
			path = "libA2-Dromgool.a";
			sourceTree = "BUILT_PRODUCTS_DIR";
		};
		C9F83BEBB2C7968F8092DEB4 = {
			isa = PBXFileReference;
			lastKnownFileType = wrapper.framework;
			name = DiscRecording.framework;
			path = System/Library/Frameworks/DiscRecording.framework;
			sourceTree = SDKROOT;
		};
		CE72E66BE5CD29DB7A99F898 = {
			isa = PBXFileReference;
			lastKnownFileType = wrapper.framework;
			name = QuartzCore.framework;
			path = System/Library/Frameworks/QuartzCore.framework;
			sourceTree = SDKROOT;
		};
		CE8F9345D64BEB77FB338647 = {
			isa = PBXFileReference;
			lastKnownFileType = sourcecode.cpp.objcpp;
			name = "include_juce_events.mm";
			path = "../../JuceLibraryCode/include_juce_events.mm";
			sourceTree = "SOURCE_ROOT";
		};
		D091D4851D0DF4B725B32D98 = {
			isa = PBXFileReference;
			lastKnownFileType = file;
			name = "juce_audio_utils";
			path = "/Users/barnabydromgool/sdks/JUCE/modules/juce_audio_utils";
			sourceTree = "<absolute>";
		};
		DF4010D10201CD4E40CDAA26 = {
			isa = PBXFileReference;
			lastKnownFileType = file;
			name = "juce_gui_extra";
			path = "/Users/barnabydromgool/sdks/JUCE/modules/juce_gui_extra";
			sourceTree = "<absolute>";
		};
		EAEB19F568B02EF0972FAD92 = {
			isa = PBXFileReference;
			lastKnownFileType = file;
			name = "juce_graphics";
			path = "/Users/barnabydromgool/sdks/JUCE/modules/juce_graphics";
			sourceTree = "<absolute>";
		};
		F9003ABC8C4295B44DB6B2DE = {
			isa = PBXFileReference;
			lastKnownFileType = sourcecode.cpp.cpp;
			name = "include_juce_audio_plugin_client_Standalone.cpp";
			path = "../../JuceLibraryCode/include_juce_audio_plugin_client_Standalone.cpp";
			sourceTree = "SOURCE_ROOT";
		};
		FEDC1FB49F937E05D8B08602 = {
			isa = PBXFileReference;
			lastKnownFileType = sourcecode.cpp.objcpp;
			name = "include_juce_gui_extra.mm";
			path = "../../JuceLibraryCode/include_juce_gui_extra.mm";
			sourceTree = "SOURCE_ROOT";
		};
		00F9B61139BA0E13DC0F0B88 = {
			isa = PBXGroup;
			children = (
				4F5487A5F99D2F94F08EB2C4,
				BEAE8D2859A1BCD4B70B7E4B,
				90F1CF4C568BBE0116B3E15B,
				3B1F7FF1AC3BDEAECE61E637,
			);
			name = Source;
			sourceTree = "<group>";
		};
		E458A6F2DCABED199843DED4 = {
			isa = PBXGroup;
			children = (
				00F9B61139BA0E13DC0F0B88,
			);
			name = "A2-Dromgool";
			sourceTree = "<group>";
		};
		D3BAF66C8BBBB6B659C687AF = {
			isa = PBXGroup;
			children = (
				18EAA77E180A52C17E161173,
				37ED5BC366B6821673CC00F4,
				A73769FE719120608FE7B026,
				5BD4604619436B23D287D8EB,
				6C91F5B3CAD42DDED21DE565,
				D091D4851D0DF4B725B32D98,
				C56993364B9D2DFCB340BADA,
				9194D16D6B05FC1FF32BF718,
				69F2B1449EED34879FE83BCF,
				EAEB19F568B02EF0972FAD92,
				A475C589C2E65D75FF9ACE51,
				DF4010D10201CD4E40CDAA26,
				5736972624D4B55F6652D762,
			);
			name = "JUCE Modules";
			sourceTree = "<group>";
		};
		253C565C241E84B90377B68A = {
			isa = PBXGroup;
			children = (
				0C0290987845BC182B2B1045,
				1D23D35A4330A276FA5DB93C,
				606BEB64F58DC633C8C5414F,
				5107D11495941BCBE342E1A9,
				F9003ABC8C4295B44DB6B2DE,
				11EACA2C904EC28ADA41BC79,
				739352A8D4465606918CF425,
				48A8581F2CA8D0F54F850C1F,
				23EED3E684D91B935062D1DF,
				28E703536910397A39B5B941,
				77ECC0B3C42193081B3EF1EB,
				0B27CBE2FA49938F497B7E5F,
				CE8F9345D64BEB77FB338647,
				8BBC10FA26CC45A522693984,
				9A7F2A94E8103C9AB0C42C3F,
				FEDC1FB49F937E05D8B08602,
				5C22C25AABBA8E12343116BF,
				930C05C55FC25A0DC16CCB59,
			);
			name = "JUCE Library Code";
			sourceTree = "<group>";
		};
		F45328AE61DD36628324372E = {
			isa = PBXGroup;
			children = (
				A3CFF520319F8DF7F8A9ADEA,
				3E685355C8A380BDDB18DB7E,
				B9454E1A43F8E6F67900D8BA,
			);
			name = Resources;
			sourceTree = "<group>";
		};
		2E4D1F0E46EC568E023C8973 = {
			isa = PBXGroup;
			children = (
				C2F92FB572FF0790F94C06BA,
				23F4DF4FA9237096738C1BE1,
				6AD3642CCB48DA96AF1398D9,
				B0239D5385616D3B5A64E88B,
				453001FE3571D9564D3ADD12,
				AC9ADFD7B9E099A3184E9792,
				0D1CAD3D43902623867CC326,
				861D2B06448341553F26C66B,
				C9F83BEBB2C7968F8092DEB4,
				869C0E0AC2B23E430CDC5327,
				9013A259931F954DE92831EB,
				CE72E66BE5CD29DB7A99F898,
				A4C9203C18959D7B91273EA3,
			);
			name = Frameworks;
			sourceTree = "<group>";
		};
		6D6CCA8CF425D1D3574E1704 = {
			isa = PBXGroup;
			children = (
				1F2A5BB9176249C10B0034A7,
				0857C123E398578052E95664,
				C72BA7CEC5292FB702B36CEA,
			);
			name = Products;
			sourceTree = "<group>";
		};
		BD74B6B6D0C3C46453047510 = {
			isa = PBXGroup;
			children = (
				4C46D9E0FDE20CB80707D0FD,
				E458A6F2DCABED199843DED4,
				D3BAF66C8BBBB6B659C687AF,
				253C565C241E84B90377B68A,
				F45328AE61DD36628324372E,
				2E4D1F0E46EC568E023C8973,
				6D6CCA8CF425D1D3574E1704,
			);
			name = Source;
			sourceTree = "<group>";
		};
		15D714770747B34B3C137EF5 = {
			isa = XCBuildConfiguration;
			buildSettings = {
				MACOSX_DEPLOYMENT_TARGET = 10.11;
			};
			name = Debug;
		};
		12442D4668DBCD26B82A86EB = {
			isa = XCBuildConfiguration;
			buildSettings = {
				MACOSX_DEPLOYMENT_TARGET = 10.11;
			};
			name = Release;
		};
		A9D59CCCAF64D074E0E980BC = {
			isa = XCBuildConfiguration;
			buildSettings = {
				CLANG_CXX_LANGUAGE_STANDARD = "c++17";
				CLANG_CXX_LIBRARY = "libc++";
				CLANG_LINK_OBJC_RUNTIME = NO;
				COMBINE_HIDPI_IMAGES = YES;
				CONFIGURATION_BUILD_DIR = "$(PROJECT_DIR)/build/$(CONFIGURATION)";
				COPY_PHASE_STRIP = NO;
				GCC_DYNAMIC_NO_PIC = NO;
				GCC_OPTIMIZATION_LEVEL = 0;
				GCC_PREPROCESSOR_DEFINITIONS = (
					"_DEBUG=1",
					"DEBUG=1",
					"JUCER_XCODE_MAC_F6D2F4CF=1",
					"JUCE_APP_VERSION=1.0.0",
					"JUCE_APP_VERSION_HEX=0x10000",
					"JucePlugin_Build_VST=0",
					"JucePlugin_Build_VST3=1",
					"JucePlugin_Build_AU=0",
					"JucePlugin_Build_AUv3=0",
					"JucePlugin_Build_RTAS=0",
					"JucePlugin_Build_AAX=0",
					"JucePlugin_Build_Standalone=0",
					"JucePlugin_Build_Unity=0",
				);
				GCC_VERSION = com.apple.compilers.llvm.clang.1_0;
				GENERATE_PKGINFO_FILE = YES;
				HEADER_SEARCH_PATHS = (
					"../../../../sdks/VST_SDK/VST3_SDK",
					"/Users/barnabydromgool/sdks/VST_SDK/VST2_SDK/public.sdk/source/vst2.x",
					"../../JuceLibraryCode",
					"/Users/barnabydromgool/sdks/JUCE/modules",
					"/Users/barnabydromgool/sdks/JUCE/modules/juce_audio_plugin_client",
					"$(inherited)",
				);
				INFOPLIST_FILE = Info-VST3.plist;
				INFOPLIST_PREPROCESS = NO;
				LIBRARY_STYLE = Bundle;
				MACOSX_DEPLOYMENT_TARGET = 10.11;
				OTHER_LDFLAGS = "-bundle -lA2-Dromgool";
				PRODUCT_BUNDLE_IDENTIFIER = com.yourcompany.A2Dromgool;
				PRODUCT_NAME = "A2-Dromgool";
				USE_HEADERMAP = NO;
				WRAPPER_EXTENSION = vst3;
			};
			name = Debug;
		};
		0EF5DA984E712869D7B5D0DA = {
			isa = XCBuildConfiguration;
			buildSettings = {
				CLANG_CXX_LANGUAGE_STANDARD = "c++17";
				CLANG_CXX_LIBRARY = "libc++";
				CLANG_LINK_OBJC_RUNTIME = NO;
				COMBINE_HIDPI_IMAGES = YES;
				CONFIGURATION_BUILD_DIR = "$(PROJECT_DIR)/build/$(CONFIGURATION)";
				DEAD_CODE_STRIPPING = YES;
				DEPLOYMENT_LOCATION = YES;
				DSTROOT = /;
				GCC_GENERATE_DEBUGGING_SYMBOLS = NO;
				GCC_OPTIMIZATION_LEVEL = 3;
				GCC_PREPROCESSOR_DEFINITIONS = (
					"_NDEBUG=1",
					"NDEBUG=1",
					"JUCER_XCODE_MAC_F6D2F4CF=1",
					"JUCE_APP_VERSION=1.0.0",
					"JUCE_APP_VERSION_HEX=0x10000",
					"JucePlugin_Build_VST=0",
					"JucePlugin_Build_VST3=1",
					"JucePlugin_Build_AU=0",
					"JucePlugin_Build_AUv3=0",
					"JucePlugin_Build_RTAS=0",
					"JucePlugin_Build_AAX=0",
					"JucePlugin_Build_Standalone=0",
					"JucePlugin_Build_Unity=0",
				);
				GCC_SYMBOLS_PRIVATE_EXTERN = YES;
				GCC_VERSION = com.apple.compilers.llvm.clang.1_0;
				GENERATE_PKGINFO_FILE = YES;
				HEADER_SEARCH_PATHS = (
					"../../../../sdks/VST_SDK/VST3_SDK",
					"/Users/barnabydromgool/sdks/VST_SDK/VST2_SDK/public.sdk/source/vst2.x",
					"../../JuceLibraryCode",
					"/Users/barnabydromgool/sdks/JUCE/modules",
					"/Users/barnabydromgool/sdks/JUCE/modules/juce_audio_plugin_client",
					"$(inherited)",
				);
				INFOPLIST_FILE = Info-VST3.plist;
				INFOPLIST_PREPROCESS = NO;
				INSTALL_PATH = "$(HOME)/Library/Audio/Plug-Ins/VST3/";
				LIBRARY_STYLE = Bundle;
				LLVM_LTO = YES;
				MACOSX_DEPLOYMENT_TARGET = 10.11;
				OTHER_LDFLAGS = "-bundle -lA2-Dromgool";
				PRODUCT_BUNDLE_IDENTIFIER = com.yourcompany.A2Dromgool;
				PRODUCT_NAME = "A2-Dromgool";
				USE_HEADERMAP = NO;
				WRAPPER_EXTENSION = vst3;
			};
			name = Release;
		};
		74F91277A3466924AF2CE5BB = {
			isa = XCBuildConfiguration;
			buildSettings = {
				CLANG_CXX_LANGUAGE_STANDARD = "c++17";
				CLANG_CXX_LIBRARY = "libc++";
				CLANG_LINK_OBJC_RUNTIME = NO;
				COMBINE_HIDPI_IMAGES = YES;
				CONFIGURATION_BUILD_DIR = "$(PROJECT_DIR)/build/$(CONFIGURATION)";
				COPY_PHASE_STRIP = NO;
				GCC_DYNAMIC_NO_PIC = NO;
				GCC_OPTIMIZATION_LEVEL = 0;
				GCC_PREPROCESSOR_DEFINITIONS = (
					"_DEBUG=1",
					"DEBUG=1",
					"JUCER_XCODE_MAC_F6D2F4CF=1",
					"JUCE_APP_VERSION=1.0.0",
					"JUCE_APP_VERSION_HEX=0x10000",
					"JucePlugin_Build_VST=0",
					"JucePlugin_Build_VST3=0",
					"JucePlugin_Build_AU=0",
					"JucePlugin_Build_AUv3=0",
					"JucePlugin_Build_RTAS=0",
					"JucePlugin_Build_AAX=0",
					"JucePlugin_Build_Standalone=1",
					"JucePlugin_Build_Unity=0",
				);
				GCC_VERSION = com.apple.compilers.llvm.clang.1_0;
				HEADER_SEARCH_PATHS = (
					"../../../../sdks/VST_SDK/VST3_SDK",
					"/Users/barnabydromgool/sdks/VST_SDK/VST2_SDK/public.sdk/source/vst2.x",
					"../../JuceLibraryCode",
					"/Users/barnabydromgool/sdks/JUCE/modules",
					"/Users/barnabydromgool/sdks/JUCE/modules/juce_audio_plugin_client",
					"$(inherited)",
				);
				INFOPLIST_FILE = Info-Standalone_Plugin.plist;
				INFOPLIST_PREPROCESS = NO;
				MACOSX_DEPLOYMENT_TARGET = 10.11;
				OTHER_LDFLAGS = "-lA2-Dromgool";
				PRODUCT_BUNDLE_IDENTIFIER = com.yourcompany.A2Dromgool;
				PRODUCT_NAME = "A2-Dromgool";
				USE_HEADERMAP = NO;
			};
			name = Debug;
		};
		728D8D082E2073AE860BEB48 = {
			isa = XCBuildConfiguration;
			buildSettings = {
				CLANG_CXX_LANGUAGE_STANDARD = "c++17";
				CLANG_CXX_LIBRARY = "libc++";
				CLANG_LINK_OBJC_RUNTIME = NO;
				COMBINE_HIDPI_IMAGES = YES;
				CONFIGURATION_BUILD_DIR = "$(PROJECT_DIR)/build/$(CONFIGURATION)";
				DEAD_CODE_STRIPPING = YES;
				GCC_GENERATE_DEBUGGING_SYMBOLS = NO;
				GCC_OPTIMIZATION_LEVEL = 3;
				GCC_PREPROCESSOR_DEFINITIONS = (
					"_NDEBUG=1",
					"NDEBUG=1",
					"JUCER_XCODE_MAC_F6D2F4CF=1",
					"JUCE_APP_VERSION=1.0.0",
					"JUCE_APP_VERSION_HEX=0x10000",
					"JucePlugin_Build_VST=0",
					"JucePlugin_Build_VST3=0",
					"JucePlugin_Build_AU=0",
					"JucePlugin_Build_AUv3=0",
					"JucePlugin_Build_RTAS=0",
					"JucePlugin_Build_AAX=0",
					"JucePlugin_Build_Standalone=1",
					"JucePlugin_Build_Unity=0",
				);
				GCC_SYMBOLS_PRIVATE_EXTERN = YES;
				GCC_VERSION = com.apple.compilers.llvm.clang.1_0;
				HEADER_SEARCH_PATHS = (
					"../../../../sdks/VST_SDK/VST3_SDK",
					"/Users/barnabydromgool/sdks/VST_SDK/VST2_SDK/public.sdk/source/vst2.x",
					"../../JuceLibraryCode",
					"/Users/barnabydromgool/sdks/JUCE/modules",
					"/Users/barnabydromgool/sdks/JUCE/modules/juce_audio_plugin_client",
					"$(inherited)",
				);
				INFOPLIST_FILE = Info-Standalone_Plugin.plist;
				INFOPLIST_PREPROCESS = NO;
				LLVM_LTO = YES;
				MACOSX_DEPLOYMENT_TARGET = 10.11;
				OTHER_LDFLAGS = "-lA2-Dromgool";
				PRODUCT_BUNDLE_IDENTIFIER = com.yourcompany.A2Dromgool;
				PRODUCT_NAME = "A2-Dromgool";
				USE_HEADERMAP = NO;
			};
			name = Release;
		};
		DADE48B770FFFDC8E755ADFF = {
			isa = XCBuildConfiguration;
			buildSettings = {
				CLANG_CXX_LANGUAGE_STANDARD = "c++17";
				CLANG_CXX_LIBRARY = "libc++";
				CLANG_LINK_OBJC_RUNTIME = NO;
				COMBINE_HIDPI_IMAGES = YES;
				CONFIGURATION_BUILD_DIR = "$(PROJECT_DIR)/build/$(CONFIGURATION)";
				COPY_PHASE_STRIP = NO;
				GCC_DYNAMIC_NO_PIC = NO;
				GCC_OPTIMIZATION_LEVEL = 0;
				GCC_PREPROCESSOR_DEFINITIONS = (
					"_DEBUG=1",
					"DEBUG=1",
					"JUCER_XCODE_MAC_F6D2F4CF=1",
					"JUCE_APP_VERSION=1.0.0",
					"JUCE_APP_VERSION_HEX=0x10000",
					"JucePlugin_Build_VST=0",
					"JucePlugin_Build_VST3=1",
					"JucePlugin_Build_AU=0",
					"JucePlugin_Build_AUv3=0",
					"JucePlugin_Build_RTAS=0",
					"JucePlugin_Build_AAX=0",
					"JucePlugin_Build_Standalone=1",
					"JucePlugin_Build_Unity=0",
					"JUCE_SHARED_CODE=1",
				);
				GCC_VERSION = com.apple.compilers.llvm.clang.1_0;
				HEADER_SEARCH_PATHS = (
					"../../../../sdks/VST_SDK/VST3_SDK",
					"/Users/barnabydromgool/sdks/VST_SDK/VST2_SDK/public.sdk/source/vst2.x",
					"../../JuceLibraryCode",
					"/Users/barnabydromgool/sdks/JUCE/modules",
					"/Users/barnabydromgool/sdks/JUCE/modules/juce_audio_plugin_client",
					"$(inherited)",
				);
				INSTALL_PATH = "@executable_path/../Frameworks";
				MACOSX_DEPLOYMENT_TARGET = 10.11;
				PRODUCT_BUNDLE_IDENTIFIER = com.yourcompany.A2Dromgool;
				PRODUCT_NAME = "A2-Dromgool";
				SKIP_INSTALL = YES;
				USE_HEADERMAP = NO;
			};
			name = Debug;
		};
		F6650BCBAA74C39A9AC31487 = {
			isa = XCBuildConfiguration;
			buildSettings = {
				CLANG_CXX_LANGUAGE_STANDARD = "c++17";
				CLANG_CXX_LIBRARY = "libc++";
				CLANG_LINK_OBJC_RUNTIME = NO;
				COMBINE_HIDPI_IMAGES = YES;
				CONFIGURATION_BUILD_DIR = "$(PROJECT_DIR)/build/$(CONFIGURATION)";
				DEAD_CODE_STRIPPING = YES;
				GCC_GENERATE_DEBUGGING_SYMBOLS = NO;
				GCC_OPTIMIZATION_LEVEL = 3;
				GCC_PREPROCESSOR_DEFINITIONS = (
					"_NDEBUG=1",
					"NDEBUG=1",
					"JUCER_XCODE_MAC_F6D2F4CF=1",
					"JUCE_APP_VERSION=1.0.0",
					"JUCE_APP_VERSION_HEX=0x10000",
					"JucePlugin_Build_VST=0",
					"JucePlugin_Build_VST3=1",
					"JucePlugin_Build_AU=0",
					"JucePlugin_Build_AUv3=0",
					"JucePlugin_Build_RTAS=0",
					"JucePlugin_Build_AAX=0",
					"JucePlugin_Build_Standalone=1",
					"JucePlugin_Build_Unity=0",
					"JUCE_SHARED_CODE=1",
				);
				GCC_SYMBOLS_PRIVATE_EXTERN = YES;
				GCC_VERSION = com.apple.compilers.llvm.clang.1_0;
				HEADER_SEARCH_PATHS = (
					"../../../../sdks/VST_SDK/VST3_SDK",
					"/Users/barnabydromgool/sdks/VST_SDK/VST2_SDK/public.sdk/source/vst2.x",
					"../../JuceLibraryCode",
					"/Users/barnabydromgool/sdks/JUCE/modules",
					"/Users/barnabydromgool/sdks/JUCE/modules/juce_audio_plugin_client",
					"$(inherited)",
				);
				INSTALL_PATH = "@executable_path/../Frameworks";
				LLVM_LTO = YES;
				MACOSX_DEPLOYMENT_TARGET = 10.11;
				PRODUCT_BUNDLE_IDENTIFIER = com.yourcompany.A2Dromgool;
				PRODUCT_NAME = "A2-Dromgool";
				SKIP_INSTALL = YES;
				USE_HEADERMAP = NO;
			};
			name = Release;
		};
		95EAE37DA72B3847A4F42231 = {
			isa = XCBuildConfiguration;
			buildSettings = {
				ALWAYS_SEARCH_USER_PATHS = NO;
				CLANG_ENABLE_OBJC_WEAK = YES;
				CLANG_WARN_BLOCK_CAPTURE_AUTORELEASING = YES;
				CLANG_WARN_BOOL_CONVERSION = YES;
				CLANG_WARN_COMMA = YES;
				CLANG_WARN_CONSTANT_CONVERSION = YES;
				CLANG_WARN_DEPRECATED_OBJC_IMPLEMENTATIONS = YES;
				CLANG_WARN_EMPTY_BODY = YES;
				CLANG_WARN_ENUM_CONVERSION = YES;
				CLANG_WARN_INFINITE_RECURSION = YES;
				CLANG_WARN_INT_CONVERSION = YES;
				CLANG_WARN_NON_LITERAL_NULL_CONVERSION = YES;
				CLANG_WARN_OBJC_IMPLICIT_RETAIN_SELF = YES;
				CLANG_WARN_OBJC_LITERAL_CONVERSION = YES;
				CLANG_WARN_RANGE_LOOP_ANALYSIS = YES;
				CLANG_WARN_STRICT_PROTOTYPES = YES;
				CLANG_WARN_SUSPICIOUS_MOVE = YES;
				CLANG_WARN_UNREACHABLE_CODE = YES;
				CLANG_WARN__DUPLICATE_METHOD_MATCH = YES;
				DEBUG_INFORMATION_FORMAT = dwarf;
				ENABLE_STRICT_OBJC_MSGSEND = YES;
				ENABLE_TESTABILITY = YES;
				GCC_C_LANGUAGE_STANDARD = c11;
				GCC_INLINES_ARE_PRIVATE_EXTERN = YES;
				GCC_MODEL_TUNING = G5;
				GCC_NO_COMMON_BLOCKS = YES;
				GCC_WARN_64_TO_32_BIT_CONVERSION = YES;
				GCC_WARN_ABOUT_RETURN_TYPE = YES;
				GCC_WARN_CHECK_SWITCH_STATEMENTS = YES;
				GCC_WARN_MISSING_PARENTHESES = YES;
				GCC_WARN_NON_VIRTUAL_DESTRUCTOR = YES;
				GCC_WARN_TYPECHECK_CALLS_TO_PRINTF = YES;
				GCC_WARN_UNDECLARED_SELECTOR = YES;
				GCC_WARN_UNINITIALIZED_AUTOS = YES;
				GCC_WARN_UNUSED_FUNCTION = YES;
				GCC_WARN_UNUSED_VARIABLE = YES;
				ONLY_ACTIVE_ARCH = YES;
				PRODUCT_NAME = "A2-Dromgool";
				WARNING_CFLAGS = "-Wreorder";
				ZERO_LINK = NO;
			};
			name = Debug;
		};
		914A2604EB90643534C14F2A = {
			isa = XCBuildConfiguration;
			buildSettings = {
				ALWAYS_SEARCH_USER_PATHS = NO;
				CLANG_ENABLE_OBJC_WEAK = YES;
				CLANG_WARN_BLOCK_CAPTURE_AUTORELEASING = YES;
				CLANG_WARN_BOOL_CONVERSION = YES;
				CLANG_WARN_COMMA = YES;
				CLANG_WARN_CONSTANT_CONVERSION = YES;
				CLANG_WARN_DEPRECATED_OBJC_IMPLEMENTATIONS = YES;
				CLANG_WARN_EMPTY_BODY = YES;
				CLANG_WARN_ENUM_CONVERSION = YES;
				CLANG_WARN_INFINITE_RECURSION = YES;
				CLANG_WARN_INT_CONVERSION = YES;
				CLANG_WARN_NON_LITERAL_NULL_CONVERSION = YES;
				CLANG_WARN_OBJC_IMPLICIT_RETAIN_SELF = YES;
				CLANG_WARN_OBJC_LITERAL_CONVERSION = YES;
				CLANG_WARN_RANGE_LOOP_ANALYSIS = YES;
				CLANG_WARN_STRICT_PROTOTYPES = YES;
				CLANG_WARN_SUSPICIOUS_MOVE = YES;
				CLANG_WARN_UNREACHABLE_CODE = YES;
				CLANG_WARN__DUPLICATE_METHOD_MATCH = YES;
				DEBUG_INFORMATION_FORMAT = dwarf;
				ENABLE_STRICT_OBJC_MSGSEND = YES;
				GCC_C_LANGUAGE_STANDARD = c11;
				GCC_INLINES_ARE_PRIVATE_EXTERN = YES;
				GCC_MODEL_TUNING = G5;
				GCC_NO_COMMON_BLOCKS = YES;
				GCC_WARN_64_TO_32_BIT_CONVERSION = YES;
				GCC_WARN_ABOUT_RETURN_TYPE = YES;
				GCC_WARN_CHECK_SWITCH_STATEMENTS = YES;
				GCC_WARN_MISSING_PARENTHESES = YES;
				GCC_WARN_NON_VIRTUAL_DESTRUCTOR = YES;
				GCC_WARN_TYPECHECK_CALLS_TO_PRINTF = YES;
				GCC_WARN_UNDECLARED_SELECTOR = YES;
				GCC_WARN_UNINITIALIZED_AUTOS = YES;
				GCC_WARN_UNUSED_FUNCTION = YES;
				GCC_WARN_UNUSED_VARIABLE = YES;
				PRODUCT_NAME = "A2-Dromgool";
				WARNING_CFLAGS = "-Wreorder";
				ZERO_LINK = NO;
			};
			name = Release;
		};
		DE06A1D1479E1DB6C123EE8C = {
			isa = PBXTargetDependency;
			target = B9DF9E34EC6B5D731208F837;
		};
		347653B1FBCD23E14FCD788F = {
			isa = PBXTargetDependency;
			target = 31FDCAED07D9E2E657422FA4;
		};
		E4C8DDE2D2DF029A223AF40B = {
			isa = PBXTargetDependency;
			target = B0361A3DA60B67CE36814566;
		};
		5BD78CDD695E726F6F07D45D = {
			isa = XCConfigurationList;
			buildConfigurations = (
				95EAE37DA72B3847A4F42231,
				914A2604EB90643534C14F2A,
			);
			defaultConfigurationIsVisible = 0;
			defaultConfigurationName = Debug;
		};
		5970877B6A7544BC8326E489 = {
			isa = XCConfigurationList;
			buildConfigurations = (
				15D714770747B34B3C137EF5,
				12442D4668DBCD26B82A86EB,
			);
			defaultConfigurationIsVisible = 0;
			defaultConfigurationName = Debug;
		};
		918391CB5E41559D86E807C1 = {
			isa = PBXAggregateTarget;
			buildConfigurationList = 5970877B6A7544BC8326E489;
			buildPhases = ( );
			buildRules = ( );
			dependencies = (
				DE06A1D1479E1DB6C123EE8C,
				347653B1FBCD23E14FCD788F,
				E4C8DDE2D2DF029A223AF40B,
			);
			name = "A2-Dromgool - All";
			productName = "A2-Dromgool";
		};
		9A4254B69710D1804D52B45D = {
			isa = XCConfigurationList;
			buildConfigurations = (
				A9D59CCCAF64D074E0E980BC,
				0EF5DA984E712869D7B5D0DA,
			);
			defaultConfigurationIsVisible = 0;
			defaultConfigurationName = Debug;
		};
		F476D0DBDE781B0AEB6E38FA = {
			isa = PBXResourcesBuildPhase;
			buildActionMask = 2147483647;
			files = (
				8E29750C4F92EFC77E0A8A24,
			);
			runOnlyForDeploymentPostprocessing = 0;
		};
		CE2C37657844379B604DAC92 = {
			isa = PBXSourcesBuildPhase;
			buildActionMask = 2147483647;
			files = (
				449EDBA4DF29BC5D7FEDFDA9,
			);
			runOnlyForDeploymentPostprocessing = 0;
		};
		9546FE7A5F0862ED93AD3F5E = {
			isa = PBXFrameworksBuildPhase;
			buildActionMask = 2147483647;
			files = (
				9D0696BAE46A957E74122FCF,
				6B28BB09D8CA9DB96402C9DA,
				F2197F62FA4AFCD8DDFCEADD,
				4C3B80DEEA31F5CC30C5F749,
				1910CDBCEA5FCFFDE2B90BDF,
				BC9A53D561FD8E37E6082616,
				52A2DB72777CAEA4AFAF2773,
				EFC476F10EF27B5299DA0C54,
				983176AADCFD8C22FA3DD7BD,
				8B760DA600312F537D0AC01B,
				0CBF8BE0DC3199A4B13F9AE1,
				D8D5646CA53E59CAB1BD6F8E,
				58239B373B3911C1CF87E9F4,
			);
			runOnlyForDeploymentPostprocessing = 0;
		};
		B9DF9E34EC6B5D731208F837 = {
			isa = PBXNativeTarget;
			buildConfigurationList = 9A4254B69710D1804D52B45D;
			buildPhases = (
				F476D0DBDE781B0AEB6E38FA,
				CE2C37657844379B604DAC92,
				9546FE7A5F0862ED93AD3F5E,
			);
			buildRules = ( );
			dependencies = (
				E4C8DDE2D2DF029A223AF40B,
			);
			name = "A2-Dromgool - VST3";
			productName = "A2-Dromgool";
			productReference = 1F2A5BB9176249C10B0034A7;
			productType = "com.apple.product-type.bundle";
		};
		1AD8F8D710F80120B57D6DA6 = {
			isa = XCConfigurationList;
			buildConfigurations = (
				74F91277A3466924AF2CE5BB,
				728D8D082E2073AE860BEB48,
			);
			defaultConfigurationIsVisible = 0;
			defaultConfigurationName = Debug;
		};
		5B5043E69F6E86E9FB1145D0 = {
			isa = PBXResourcesBuildPhase;
			buildActionMask = 2147483647;
			files = (
				8E29750C4F92EFC77E0A8A24,
			);
			runOnlyForDeploymentPostprocessing = 0;
		};
		D919ABEBE96E10D83F9E5338 = {
			isa = PBXSourcesBuildPhase;
			buildActionMask = 2147483647;
			files = (
				4F0002255B1BA808E5DFCF64,
			);
			runOnlyForDeploymentPostprocessing = 0;
		};
		D86E27D27782A5ED80F8BE17 = {
			isa = PBXFrameworksBuildPhase;
			buildActionMask = 2147483647;
			files = (
				9D0696BAE46A957E74122FCF,
				6B28BB09D8CA9DB96402C9DA,
				F2197F62FA4AFCD8DDFCEADD,
				4C3B80DEEA31F5CC30C5F749,
				1910CDBCEA5FCFFDE2B90BDF,
				BC9A53D561FD8E37E6082616,
				52A2DB72777CAEA4AFAF2773,
				EFC476F10EF27B5299DA0C54,
				983176AADCFD8C22FA3DD7BD,
				8B760DA600312F537D0AC01B,
				0CBF8BE0DC3199A4B13F9AE1,
				D8D5646CA53E59CAB1BD6F8E,
				58239B373B3911C1CF87E9F4,
			);
			runOnlyForDeploymentPostprocessing = 0;
		};
		31FDCAED07D9E2E657422FA4 = {
			isa = PBXNativeTarget;
			buildConfigurationList = 1AD8F8D710F80120B57D6DA6;
			buildPhases = (
				5B5043E69F6E86E9FB1145D0,
				D919ABEBE96E10D83F9E5338,
				D86E27D27782A5ED80F8BE17,
			);
			buildRules = ( );
			dependencies = (
				E4C8DDE2D2DF029A223AF40B,
			);
			name = "A2-Dromgool - Standalone Plugin";
			productName = "A2-Dromgool";
			productReference = 0857C123E398578052E95664;
			productType = "com.apple.product-type.application";
		};
		ADA6D299EA5D4702C55B86B0 = {
			isa = XCConfigurationList;
			buildConfigurations = (
				DADE48B770FFFDC8E755ADFF,
				F6650BCBAA74C39A9AC31487,
			);
			defaultConfigurationIsVisible = 0;
			defaultConfigurationName = Debug;
		};
		937FB43227E70EC073651DA9 = {
			isa = PBXSourcesBuildPhase;
			buildActionMask = 2147483647;
			files = (
				58F3FC9096067AD56F67465D,
				F84C11918338F30B59D06B71,
				A242693E0B9F6E69DD2F0831,
				5728C65596FBB5DF0B660C47,
				0B3CA7235BE0211639D6CF54,
				392A842312C46AC2C5ACEB1A,
				7DD838358FAF9BF64DBD499A,
				F1F884324F551C672ABA3C81,
				5CAAB7572ACFBB229528A7DD,
				1C69675F2975B637991BDA3B,
				BF4D54650C6A7883499D795D,
				4D0E0129C78578A55BD2A44C,
				4C0C0CD5D167096E99EDAFFF,
				6EC8E9D28EA7D1E6A11BC568,
				F24FFDC9902202F261F41BFA,
				1AB9EE9C80DCA6E4EC936BFB,
			);
			runOnlyForDeploymentPostprocessing = 0;
		};
		B0361A3DA60B67CE36814566 = {
			isa = PBXNativeTarget;
			buildConfigurationList = ADA6D299EA5D4702C55B86B0;
			buildPhases = (
				937FB43227E70EC073651DA9,
			);
			buildRules = ( );
			dependencies = ( );
			name = "A2-Dromgool - Shared Code";
			productName = "A2-Dromgool";
			productReference = C72BA7CEC5292FB702B36CEA;
			productType = "com.apple.product-type.library.static";
		};
		4DC06F33A87B01ACD0C8C0E8 = {
			isa = PBXProject;
			buildConfigurationList = 5BD78CDD695E726F6F07D45D;
			attributes = { LastUpgradeCheck = 0930; ORGANIZATIONNAME = ""; TargetAttributes = { 918391CB5E41559D86E807C1 = { SystemCapabilities = {com.apple.ApplicationGroups.iOS = { enabled = 0; }; com.apple.InAppPurchase = { enabled = 0; }; com.apple.InterAppAudio = { enabled = 0; }; com.apple.Push = { enabled = 0; }; com.apple.Sandbox = { enabled = 0; }; com.apple.HardenedRuntime = { enabled = 0; }; }; };B9DF9E34EC6B5D731208F837 = { SystemCapabilities = {com.apple.ApplicationGroups.iOS = { enabled = 0; }; com.apple.InAppPurchase = { enabled = 0; }; com.apple.InterAppAudio = { enabled = 0; }; com.apple.Push = { enabled = 0; }; com.apple.Sandbox = { enabled = 0; }; com.apple.HardenedRuntime = { enabled = 0; }; }; };31FDCAED07D9E2E657422FA4 = { SystemCapabilities = {com.apple.ApplicationGroups.iOS = { enabled = 0; }; com.apple.InAppPurchase = { enabled = 0; }; com.apple.InterAppAudio = { enabled = 0; }; com.apple.Push = { enabled = 0; }; com.apple.Sandbox = { enabled = 0; }; com.apple.HardenedRuntime = { enabled = 0; }; }; };B0361A3DA60B67CE36814566 = { SystemCapabilities = {com.apple.ApplicationGroups.iOS = { enabled = 0; }; com.apple.InAppPurchase = { enabled = 0; }; com.apple.InterAppAudio = { enabled = 0; }; com.apple.Push = { enabled = 0; }; com.apple.Sandbox = { enabled = 0; }; com.apple.HardenedRuntime = { enabled = 0; }; }; }; }; };
			compatibilityVersion = "Xcode 3.2";
			hasScannedForEncodings = 0;
			mainGroup = BD74B6B6D0C3C46453047510;
			projectDirPath = "";
			projectRoot = "";
			targets = (918391CB5E41559D86E807C1, B9DF9E34EC6B5D731208F837, 31FDCAED07D9E2E657422FA4, B0361A3DA60B67CE36814566);
			knownRegions = (en, Base);
		};
	};
	rootObject = 4DC06F33A87B01ACD0C8C0E8;
}
